
Microsoft Visual Studio Solution File, Format Version 12.00
# Visual Studio Version 16
VisualStudioVersion = 16.0.29613.14
MinimumVisualStudioVersion = 10.0.40219.1
Project("{FAE04EC0-301F-11D3-BF4B-00C04F79EFBC}") = "Couchbase.GeoSearchApp", "Couchbase.GeoSearchApp\Couchbase.GeoSearchApp.csproj", "{7284FCD1-9319-4FD8-A865-B66EE16C4277}"
EndProject
Global
	GlobalSection(SolutionConfigurationPlatforms) = preSolution
		Debug|Any CPU = Debug|Any CPU
		Release|Any CPU = Release|Any CPU
	EndGlobalSection
	GlobalSection(ProjectConfigurationPlatforms) = postSolution
		{7284FCD1-9319-4FD8-A865-B66EE16C4277}.Debug|Any CPU.ActiveCfg = Debug|Any CPU
		{7284FCD1-9319-4FD8-A865-B66EE16C4277}.Debug|Any CPU.Build.0 = Debug|Any CPU
		{7284FCD1-9319-4FD8-A865-B66EE16C4277}.Release|Any CPU.ActiveCfg = Release|Any CPU
		{7284FCD1-9319-4FD8-A865-B66EE16C4277}.Release|Any CPU.Build.0 = Release|Any CPU
	EndGlobalSection
	GlobalSection(SolutionProperties) = preSolution
		HideSolutionNode = FALSE
	EndGlobalSection
	GlobalSection(ExtensibilityGlobals) = postSolution
		SolutionGuid = {BE7E33E1-818F-483B-8586-0031483FD4C0}
	EndGlobalSection
EndGlobal
